
Microsoft Visual Studio Solution File, Format Version 12.00
# Visual Studio 15
VisualStudioVersion = 15.0.27428.2002
MinimumVisualStudioVersion = 10.0.40219.1
Project("{FAE04EC0-301F-11D3-BF4B-00C04F79EFBC}") = "IntroToCore", "IntroToCore\IntroToCore.csproj", "{7D688600-C4CF-4BAF-A390-E8E375FCF987}"
EndProject
Global
	GlobalSection(SolutionConfigurationPlatforms) = preSolution
		Debug|Any CPU = Debug|Any CPU
		Release|Any CPU = Release|Any CPU
	EndGlobalSection
	GlobalSection(ProjectConfigurationPlatforms) = postSolution
		{7D688600-C4CF-4BAF-A390-E8E375FCF987}.Debug|Any CPU.ActiveCfg = Debug|Any CPU
		{7D688600-C4CF-4BAF-A390-E8E375FCF987}.Debug|Any CPU.Build.0 = Debug|Any CPU
		{7D688600-C4CF-4BAF-A390-E8E375FCF987}.Release|Any CPU.ActiveCfg = Release|Any CPU
		{7D688600-C4CF-4BAF-A390-E8E375FCF987}.Release|Any CPU.Build.0 = Release|Any CPU
	EndGlobalSection
	GlobalSection(SolutionProperties) = preSolution
		HideSolutionNode = FALSE
	EndGlobalSection
	GlobalSection(ExtensibilityGlobals) = postSolution
		SolutionGuid = {2C9FF527-8932-484A-8D40-49DF9BDA4DC1}
	EndGlobalSection
EndGlobal
